
Microsoft Visual Studio Solution File, Format Version 12.00
Project("{FAE04EC0-301F-11D3-BF4B-00C04F79EFBC}") = "Valuator", "Valuator\Valuator.csproj", "{A8E57EB5-6BCB-4CD7-A440-087574F19D4F}"
EndProject
Global
	GlobalSection(SolutionConfigurationPlatforms) = preSolution
		Debug|Any CPU = Debug|Any CPU
		Release|Any CPU = Release|Any CPU
	EndGlobalSection
	GlobalSection(ProjectConfigurationPlatforms) = postSolution
		{A8E57EB5-6BCB-4CD7-A440-087574F19D4F}.Debug|Any CPU.ActiveCfg = Debug|Any CPU
		{A8E57EB5-6BCB-4CD7-A440-087574F19D4F}.Debug|Any CPU.Build.0 = Debug|Any CPU
		{A8E57EB5-6BCB-4CD7-A440-087574F19D4F}.Release|Any CPU.ActiveCfg = Release|Any CPU
		{A8E57EB5-6BCB-4CD7-A440-087574F19D4F}.Release|Any CPU.Build.0 = Release|Any CPU
	EndGlobalSection
EndGlobal
